{
  "name": "test-dependency-b",
  "version": "1.0.0",
  "lockfileVersion": 1,
  "requires": true,
  "dependencies": {
    "test-dependency-dependency2": {
      "version": "1.0.1",
      "resolved": "https://registry.npmjs.org/test-dependency-dependency2/-/test-dependency-dependency2-1.0.1.tgz",
      "integrity": "sha512-0J500CnI0BMQ+ZqKkq4ViHdTIZqBp7XXzrYNM42TOHxuHwBZQ9xoMUPBhnT76ogAztnTsjAW6TjNSDFdVa1e2A=="
    }
  }
}
